{
  "nodes": {
    "cache-domains": {
      "flake": false,
      "locked": {
        "lastModified": 1729844030,
        "narHash": "sha256-MRyIz1l23B/ibVc1sPi6BwtB0imi47z1gqQxm5PM60Q=",
        "owner": "uklans",
        "repo": "cache-domains",
        "rev": "67594ce10c85250bf5e3cc3c6f4a0abb90abd25c",
        "type": "github"
      },
      "original": {
        "owner": "uklans",
        "repo": "cache-domains",
        "type": "github"
      }
    },
    "monolithic": {
      "flake": false,
      "locked": {
        "lastModified": 1734732295,
        "narHash": "sha256-xxqpMSXgE2ahXt7ov6sIuMQOpaym0g55+HZ+BqSUeKo=",
        "owner": "lancachenet",
        "repo": "monolithic",
        "rev": "cfdd0c6102c53af5450d12a24fb7014c2859074c",
        "type": "github"
      },
      "original": {
        "owner": "lancachenet",
        "repo": "monolithic",
        "type": "github"
      }
    },
    "root": {
      "inputs": {
        "cache-domains": "cache-domains",
        "monolithic": "monolithic"
      }
    }
  },
  "root": "root",
  "version": 7
}
